
Microsoft Visual Studio Solution File, Format Version 12.00
# Visual Studio Version 17
VisualStudioVersion = 17.8.34309.116
MinimumVisualStudioVersion = 10.0.40219.1
Project("{FAE04EC0-301F-11D3-BF4B-00C04F79EFBC}") = "EmployeeHubAPI", "EmployeeHubAPI.csproj", "{6353A1FE-3504-4F46-A06C-A3AF9AB84F5B}"
EndProject
Global
	GlobalSection(SolutionConfigurationPlatforms) = preSolution
		Debug|Any CPU = Debug|Any CPU
		Release|Any CPU = Release|Any CPU
	EndGlobalSection
	GlobalSection(ProjectConfigurationPlatforms) = postSolution
		{6353A1FE-3504-4F46-A06C-A3AF9AB84F5B}.Debug|Any CPU.ActiveCfg = Debug|Any CPU
		{6353A1FE-3504-4F46-A06C-A3AF9AB84F5B}.Debug|Any CPU.Build.0 = Debug|Any CPU
		{6353A1FE-3504-4F46-A06C-A3AF9AB84F5B}.Release|Any CPU.ActiveCfg = Release|Any CPU
		{6353A1FE-3504-4F46-A06C-A3AF9AB84F5B}.Release|Any CPU.Build.0 = Release|Any CPU
	EndGlobalSection
	GlobalSection(SolutionProperties) = preSolution
		HideSolutionNode = FALSE
	EndGlobalSection
	GlobalSection(ExtensibilityGlobals) = postSolution
		SolutionGuid = {8F74F5EF-682C-4226-B11C-EF2C7D29A29D}
	EndGlobalSection
EndGlobal
